# THIS IS AN AUTOGENERATED FILE. DO NOT EDIT THIS FILE DIRECTLY.
# yarn lockfile v1


"@babel/runtime@^7.1.2":
  version "7.6.2"
  resolved "https://registry.yarnpkg.com/@babel/runtime/-/runtime-7.6.2.tgz#c3d6e41b304ef10dcf13777a33e7694ec4a9a6dd"
  integrity sha512-EXxN64agfUqqIGeEjI5dL5z0Sw0ZwWo1mLTi4mQowCZ42O59b7DRpZAnTC6OqdF28wMBMFKNb/4uFGrVaigSpg==
  dependencies:
    regenerator-runtime "^0.13.2"

"@blueprintjs/core@^3.19.0", "@blueprintjs/core@^3.9.0":
  version "3.19.0"
  resolved "https://registry.yarnpkg.com/@blueprintjs/core/-/core-3.19.0.tgz#0562f9af82434bac338763d0c1f8e05bbb7e576c"
  integrity sha512-m0b30bCazHwc0s6ihNEfXQPUy2bIkuANd5TrEKwxHXTetKo64BnwsQlYlvebSTOiuLnjs+kgbO29XF6VfhlYDg==
  dependencies:
    "@blueprintjs/icons" "^3.11.0"
    "@types/dom4" "^2.0.1"
    classnames "^2.2"
    dom4 "^2.1.5"
    normalize.css "^8.0.1"
    popper.js "^1.15.0"
    react-lifecycles-compat "^3.0.4"
    react-popper "^1.3.3"
    react-transition-group "^2.9.0"
    resize-observer-polyfill "^1.5.1"
    tslib "~1.9.0"

"@blueprintjs/icons@^3.11.0":
  version "3.11.0"
  resolved "https://registry.yarnpkg.com/@blueprintjs/icons/-/icons-3.11.0.tgz#c104cecef6893f8b7b7d8d8951f51d47f3f08403"
  integrity sha512-HGS652gFc057t9cr8NyuWFyZ1gcSqG3uuexpzhZm81W35hGfh9vdC9GR+mbHJNawAuKXtu+xw4VWWkv1UGQ0Vg==
  dependencies:
    classnames "^2.2"
    tslib "~1.9.0"

"@blueprintjs/select@^3.3.0":
  version "3.11.0"
  resolved "https://registry.yarnpkg.com/@blueprintjs/select/-/select-3.11.0.tgz#31e92976e62bb341c961ec031d544a3263f925ef"
  integrity sha512-yf8cR4ZuNSxYwKXuEwlkEGdssY1B5btaU6gXlBn526L95d6DCyiv10979+UlMEPQAWGcHfHQUhVJM1GurUNw3A==
  dependencies:
    "@blueprintjs/core" "^3.19.0"
    classnames "^2.2"
    tslib "~1.9.0"

"@jupyterlab/application@^1.0.0":
  version "1.1.3"
  resolved "https://registry.yarnpkg.com/@jupyterlab/application/-/application-1.1.3.tgz#eaf0711649b73cd2bb44f44f3e99a82107ae1957"
  integrity sha512-iGVIX4LrMApEAZrVhxVSS/o3iEn1QBiiXEdpQ7X8NX9aieWf2xGzvwIrNp1GxX6b3kLzkN4SMFLDAaoZDluMbg==
  dependencies:
    "@jupyterlab/apputils" "^1.1.3"
    "@jupyterlab/coreutils" "^3.1.0"
    "@jupyterlab/docregistry" "^1.1.3"
    "@jupyterlab/rendermime" "^1.1.3"
    "@jupyterlab/rendermime-interfaces" "^1.4.0"
    "@jupyterlab/services" "^4.1.1"
    "@jupyterlab/ui-components" "^1.1.2"
    "@phosphor/algorithm" "^1.1.3"
    "@phosphor/application" "^1.6.3"
    "@phosphor/commands" "^1.6.3"
    "@phosphor/coreutils" "^1.3.1"
    "@phosphor/disposable" "^1.2.0"
    "@phosphor/messaging" "^1.2.3"
    "@phosphor/properties" "^1.1.3"
    "@phosphor/signaling" "^1.2.3"
    "@phosphor/widgets" "^1.8.0"
    font-awesome "~4.7.0"

"@jupyterlab/apputils@^1.0.0", "@jupyterlab/apputils@^1.1.3":
  version "1.1.3"
  resolved "https://registry.yarnpkg.com/@jupyterlab/apputils/-/apputils-1.1.3.tgz#697f3fccf4d5e6a5b4541d772c755e9a31bdcc29"
  integrity sha512-5kTmNSNedP+Fyhx25gk/yRiMWoEQoqP8u2qnFJslMke+5NJPRTVwi0VW45VZZ9QtnepuT44DJ41Uk7HrQ0TKCA==
  dependencies:
    "@jupyterlab/coreutils" "^3.1.0"
    "@jupyterlab/services" "^4.1.1"
    "@jupyterlab/ui-components" "^1.1.2"
    "@phosphor/algorithm" "^1.1.3"
    "@phosphor/commands" "^1.6.3"
    "@phosphor/coreutils" "^1.3.1"
    "@phosphor/disposable" "^1.2.0"
    "@phosphor/domutils" "^1.1.3"
    "@phosphor/messaging" "^1.2.3"
    "@phosphor/properties" "^1.1.3"
    "@phosphor/signaling" "^1.2.3"
    "@phosphor/virtualdom" "^1.1.3"
    "@phosphor/widgets" "^1.8.0"
    "@types/react" "~16.8.18"
    react "~16.8.4"
    react-dom "~16.8.4"
    sanitize-html "~1.20.1"

"@jupyterlab/codeeditor@^1.1.0":
  version "1.1.0"
  resolved "https://registry.yarnpkg.com/@jupyterlab/codeeditor/-/codeeditor-1.1.0.tgz#893e5cb8a4b1c4f3cfb85f0a24635313cf0b9e0c"
  integrity sha512-G22xSQajqJV0UxtaEkpRDsGAqumtkkpyjtN0yoqD/wlGentAllk1D1Sup99MBQKfZN+sBERbuUdLd0Oz5Q0e3g==
  dependencies:
    "@jupyterlab/coreutils" "^3.1.0"
    "@jupyterlab/observables" "^2.3.0"
    "@phosphor/coreutils" "^1.3.1"
    "@phosphor/disposable" "^1.2.0"
    "@phosphor/dragdrop" "^1.3.3"
    "@phosphor/messaging" "^1.2.3"
    "@phosphor/signaling" "^1.2.3"
    "@phosphor/widgets" "^1.8.0"

"@jupyterlab/codemirror@^1.1.3":
  version "1.1.3"
  resolved "https://registry.yarnpkg.com/@jupyterlab/codemirror/-/codemirror-1.1.3.tgz#6397d48dc07b77989cb99af4789ca82e89393b0b"
  integrity sha512-fNNM9ks4z+5r4e1qTXt/odJnIEOw5cTpcdvH8ZDC9y9He3FQ3jXrpQBOYuqU9pjOh4QQplpX+npr/a5EvyCubA==
  dependencies:
    "@jupyterlab/apputils" "^1.1.3"
    "@jupyterlab/codeeditor" "^1.1.0"
    "@jupyterlab/coreutils" "^3.1.0"
    "@jupyterlab/observables" "^2.3.0"
    "@jupyterlab/statusbar" "^1.1.3"
    "@phosphor/algorithm" "^1.1.3"
    "@phosphor/commands" "^1.6.3"
    "@phosphor/coreutils" "^1.3.1"
    "@phosphor/disposable" "^1.2.0"
    "@phosphor/signaling" "^1.2.3"
    "@phosphor/widgets" "^1.8.0"
    codemirror "~5.47.0"
    react "~16.8.4"

"@jupyterlab/coreutils@^3.0.0", "@jupyterlab/coreutils@^3.1.0":
  version "3.1.0"
  resolved "https://registry.yarnpkg.com/@jupyterlab/coreutils/-/coreutils-3.1.0.tgz#b307569462c468d6a09dfa06f32fed03e55dd811"
  integrity sha512-ZqgzDUyanyvc86gtCrIbc1M6iniKHYmWNWHvWOcnq3KIP3wk3grchsTYPTfQDxcUS6F04baPGp/KohEU2ml40Q==
  dependencies:
    "@phosphor/commands" "^1.6.3"
    "@phosphor/coreutils" "^1.3.1"
    "@phosphor/disposable" "^1.2.0"
    "@phosphor/properties" "^1.1.3"
    "@phosphor/signaling" "^1.2.3"
    ajv "^6.5.5"
    json5 "^2.1.0"
    minimist "~1.2.0"
    moment "^2.24.0"
    path-posix "~1.0.0"
    url-parse "~1.4.3"

"@jupyterlab/docmanager@^1.1.3":
  version "1.1.3"
  resolved "https://registry.yarnpkg.com/@jupyterlab/docmanager/-/docmanager-1.1.3.tgz#b357ee52a819e10b206bf3b11fb9c71c84587d71"
  integrity sha512-47NiQe8fcARN59tlfOSItpeJZQsB6or3Eb0KqixJw5J8wA0C5rNJn14BfUL26MkiFbLrAsGLuZ7CGZw3ctQ4Fw==
  dependencies:
    "@jupyterlab/apputils" "^1.1.3"
    "@jupyterlab/coreutils" "^3.1.0"
    "@jupyterlab/docregistry" "^1.1.3"
    "@jupyterlab/services" "^4.1.1"
    "@jupyterlab/statusbar" "^1.1.3"
    "@phosphor/algorithm" "^1.1.3"
    "@phosphor/coreutils" "^1.3.1"
    "@phosphor/disposable" "^1.2.0"
    "@phosphor/messaging" "^1.2.3"
    "@phosphor/properties" "^1.1.3"
    "@phosphor/signaling" "^1.2.3"
    "@phosphor/widgets" "^1.8.0"
    react "~16.8.4"

"@jupyterlab/docregistry@^1.0.0", "@jupyterlab/docregistry@^1.1.3":
  version "1.1.3"
  resolved "https://registry.yarnpkg.com/@jupyterlab/docregistry/-/docregistry-1.1.3.tgz#ca2ca5720ae875352e54c8a36726a1a12f861721"
  integrity sha512-RsOydDPsgJmjL/yKz6kxt9vFqbmA3qq0DyM+0Kv5WGMOR30L18mwu8IK5I9hkL79CT69o+3UaeLhAAA7PvtEnA==
  dependencies:
    "@jupyterlab/apputils" "^1.1.3"
    "@jupyterlab/codeeditor" "^1.1.0"
    "@jupyterlab/codemirror" "^1.1.3"
    "@jupyterlab/coreutils" "^3.1.0"
    "@jupyterlab/observables" "^2.3.0"
    "@jupyterlab/rendermime" "^1.1.3"
    "@jupyterlab/rendermime-interfaces" "^1.4.0"
    "@jupyterlab/services" "^4.1.1"
    "@phosphor/algorithm" "^1.1.3"
    "@phosphor/coreutils" "^1.3.1"
    "@phosphor/disposable" "^1.2.0"
    "@phosphor/messaging" "^1.2.3"
    "@phosphor/signaling" "^1.2.3"
    "@phosphor/widgets" "^1.8.0"

"@jupyterlab/filebrowser@^1.0.0":
  version "1.1.3"
  resolved "https://registry.yarnpkg.com/@jupyterlab/filebrowser/-/filebrowser-1.1.3.tgz#214ad525ae3a538c70864b51cd6df3453cb963f6"
  integrity sha512-AgTyFnKyLL9Qiqd6LhsaBKNrtG7TaHIP75vBPsb2sPTBMnfdnqtHZKWMHxTOB2RBoRyLZXIp3xrcAafaNogZbg==
  dependencies:
    "@jupyterlab/apputils" "^1.1.3"
    "@jupyterlab/coreutils" "^3.1.0"
    "@jupyterlab/docmanager" "^1.1.3"
    "@jupyterlab/docregistry" "^1.1.3"
    "@jupyterlab/services" "^4.1.1"
    "@jupyterlab/statusbar" "^1.1.3"
    "@jupyterlab/ui-components" "^1.1.2"
    "@phosphor/algorithm" "^1.1.3"
    "@phosphor/coreutils" "^1.3.1"
    "@phosphor/disposable" "^1.2.0"
    "@phosphor/domutils" "^1.1.3"
    "@phosphor/dragdrop" "^1.3.3"
    "@phosphor/messaging" "^1.2.3"
    "@phosphor/signaling" "^1.2.3"
    "@phosphor/widgets" "^1.8.0"
    react "~16.8.4"

"@jupyterlab/launcher@^1.0.0":
  version "1.1.3"
  resolved "https://registry.yarnpkg.com/@jupyterlab/launcher/-/launcher-1.1.3.tgz#ac5e84d46bb97b887373ae720a34e99708656efb"
  integrity sha512-tElmrBmA3TnFAkt+PqqJaXYE08st+McR7ndTD676ctj2Q9NP6wa5L9vdf5sECQEVZPXeOoU4eXMLObifk3PbTw==
  dependencies:
    "@jupyterlab/apputils" "^1.1.3"
    "@jupyterlab/ui-components" "^1.1.2"
    "@phosphor/algorithm" "^1.1.3"
    "@phosphor/commands" "^1.6.3"
    "@phosphor/coreutils" "^1.3.1"
    "@phosphor/disposable" "^1.2.0"
    "@phosphor/properties" "^1.1.3"
    "@phosphor/widgets" "^1.8.0"
    react "~16.8.4"

"@jupyterlab/mainmenu@^1.0.0":
  version "1.1.3"
  resolved "https://registry.yarnpkg.com/@jupyterlab/mainmenu/-/mainmenu-1.1.3.tgz#d1e2662d662c6f81a0ff37549b5829a9a5b30329"
  integrity sha512-0xAvQDJBoFKUIwIm5v8TkjonAlnw2x8xSEpJEhRe33HtJfhOGsfz0u94gZGpxj1UcL965CZ83VqURD1NIvSJ8g==
  dependencies:
    "@jupyterlab/apputils" "^1.1.3"
    "@jupyterlab/services" "^4.1.1"
    "@phosphor/algorithm" "^1.1.3"
    "@phosphor/commands" "^1.6.3"
    "@phosphor/coreutils" "^1.3.1"
    "@phosphor/disposable" "^1.2.0"
    "@phosphor/widgets" "^1.8.0"

"@jupyterlab/observables@^2.3.0":
  version "2.3.0"
  resolved "https://registry.yarnpkg.com/@jupyterlab/observables/-/observables-2.3.0.tgz#db58eee4c874920d5099ccdbe7dc85a9d278782b"
  integrity sha512-I3Cmu0qUU3Emzai0MRBmiSHd1c42DtOuDYAru0/cvlI8xQKzin7t/EF9TahxSEBEDDNU4RRjADUYG9T3WefYtA==
  dependencies:
    "@phosphor/algorithm" "^1.1.3"
    "@phosphor/coreutils" "^1.3.1"
    "@phosphor/disposable" "^1.2.0"
    "@phosphor/messaging" "^1.2.3"
    "@phosphor/signaling" "^1.2.3"

"@jupyterlab/rendermime-interfaces@^1.4.0":
  version "1.4.0"
  resolved "https://registry.yarnpkg.com/@jupyterlab/rendermime-interfaces/-/rendermime-interfaces-1.4.0.tgz#2683c1f8eb1c4da833a40ae551d093379c403d06"
  integrity sha512-6GtbudtK7Yl37ldnQUQ6hTUDzjVgemiDXokEdsSTLPOPoPwKw3gaEBfxrOz/LBITfqIfbpuBzYU8lQ4rHq0TfQ==
  dependencies:
    "@phosphor/coreutils" "^1.3.1"
    "@phosphor/widgets" "^1.8.0"

"@jupyterlab/rendermime@^1.1.3":
  version "1.1.3"
  resolved "https://registry.yarnpkg.com/@jupyterlab/rendermime/-/rendermime-1.1.3.tgz#31a9f5db16dddd7b1375f1ca9a99f60d76496ddd"
  integrity sha512-2erFyltzCm7aVWDIomiuV8lOZJGZcixyrFCQBbKTWB74Anqp6CwcgQub6CdvSbXUjkBAxOKSCIknzjKnEXUOhA==
  dependencies:
    "@jupyterlab/apputils" "^1.1.3"
    "@jupyterlab/codemirror" "^1.1.3"
    "@jupyterlab/coreutils" "^3.1.0"
    "@jupyterlab/observables" "^2.3.0"
    "@jupyterlab/rendermime-interfaces" "^1.4.0"
    "@jupyterlab/services" "^4.1.1"
    "@phosphor/algorithm" "^1.1.3"
    "@phosphor/coreutils" "^1.3.1"
    "@phosphor/messaging" "^1.2.3"
    "@phosphor/signaling" "^1.2.3"
    "@phosphor/widgets" "^1.8.0"
    lodash.escape "^4.0.1"
    marked "0.6.2"

"@jupyterlab/services@^4.1.1":
  version "4.1.1"
  resolved "https://registry.yarnpkg.com/@jupyterlab/services/-/services-4.1.1.tgz#5071c317461cb1f318b2fdd5e3f175281d5c8399"
  integrity sha512-HuayhkG+g5T4sZ1cKEJmF9KkCLnOMpcx+e5bk2cmTc3i3ByF5lp9EZOdkqG7OBc0pQz/6EaPcuiEGSHsV2706Q==
  dependencies:
    "@jupyterlab/coreutils" "^3.1.0"
    "@jupyterlab/observables" "^2.3.0"
    "@phosphor/algorithm" "^1.1.3"
    "@phosphor/coreutils" "^1.3.1"
    "@phosphor/disposable" "^1.2.0"
    "@phosphor/signaling" "^1.2.3"
    node-fetch "^2.6.0"
    ws "^7.0.0"

"@jupyterlab/statusbar@^1.1.3":
  version "1.1.3"
  resolved "https://registry.yarnpkg.com/@jupyterlab/statusbar/-/statusbar-1.1.3.tgz#01892e2d04683babad58a383a4c9a135444856d9"
  integrity sha512-bBJpFEFuTb/ARkDBFopqo5atU3JfZHqbytxqQv6YA/mzYCVQwCdLSJyc+vQniE+xWhoYIqd7q5g17lnxNioDLw==
  dependencies:
    "@jupyterlab/apputils" "^1.1.3"
    "@jupyterlab/codeeditor" "^1.1.0"
    "@jupyterlab/coreutils" "^3.1.0"
    "@jupyterlab/services" "^4.1.1"
    "@jupyterlab/ui-components" "^1.1.2"
    "@phosphor/algorithm" "^1.1.3"
    "@phosphor/coreutils" "^1.3.1"
    "@phosphor/disposable" "^1.2.0"
    "@phosphor/messaging" "^1.2.3"
    "@phosphor/signaling" "^1.2.3"
    "@phosphor/widgets" "^1.8.0"
    react "~16.8.4"
    typestyle "^2.0.1"

"@jupyterlab/ui-components@^1.1.2":
  version "1.1.2"
  resolved "https://registry.yarnpkg.com/@jupyterlab/ui-components/-/ui-components-1.1.2.tgz#2cad3d82779788922737101c8227d34382ea5a5d"
  integrity sha512-FdBe5Dkbt4YduaB34Cc9gHiLCzfqfs0V+SoDbyA3bKVjp12wtg27dG2nhlGOSKhZL3VcnXbfPb7w27JZ/1b4Ig==
  dependencies:
    "@blueprintjs/core" "^3.9.0"
    "@blueprintjs/select" "^3.3.0"
    "@jupyterlab/coreutils" "^3.1.0"
    "@phosphor/coreutils" "^1.3.1"
    "@phosphor/messaging" "^1.2.3"
    "@phosphor/virtualdom" "^1.1.3"
    "@phosphor/widgets" "^1.8.0"
    react "~16.8.4"
    typestyle "^2.0.1"

"@phosphor/algorithm@^1.1.2":
  version "1.1.2"
  resolved "https://registry.yarnpkg.com/@phosphor/algorithm/-/algorithm-1.1.2.tgz#fd1de9104c9a7f34e92864586ddf2e7f2e7779e8"
  integrity sha1-/R3pEEyafzTpKGRYbd8ufy53eeg=

"@phosphor/algorithm@^1.1.3", "@phosphor/algorithm@^1.2.0":
  version "1.2.0"
  resolved "https://registry.yarnpkg.com/@phosphor/algorithm/-/algorithm-1.2.0.tgz#4a19aa59261b7270be696672dc3f0663f7bef152"
  integrity sha512-C9+dnjXyU2QAkWCW6QVDGExk4hhwxzAKf5/FIuYlHAI9X5vFv99PYm0EREDxX1PbMuvfFBZhPNu0PvuSDQ7sFA==

"@phosphor/application@^1.6.3":
  version "1.7.2"
  resolved "https://registry.yarnpkg.com/@phosphor/application/-/application-1.7.2.tgz#cc1c9a1d2e5832dac79f84de004319522155e9d3"
  integrity sha512-hsudgEg7ShAZ9Bd+aI5EYkc3nh5nFKv0PlKR8xowcvJge36sfaf9rhWlFHIJzaQyNXz9b6O7lBA34TyScOCZWg==
  dependencies:
    "@phosphor/commands" "^1.7.1"
    "@phosphor/coreutils" "^1.3.1"
    "@phosphor/widgets" "^1.9.2"

"@phosphor/collections@^1.1.2":
  version "1.1.2"
  resolved "https://registry.yarnpkg.com/@phosphor/collections/-/collections-1.1.2.tgz#c4c0b8b91129905fb36a9f243f2dbbde462dab8d"
  integrity sha1-xMC4uREpkF+zap8kPy273kYtq40=
  dependencies:
    "@phosphor/algorithm" "^1.1.2"

"@phosphor/collections@^1.2.0":
  version "1.2.0"
  resolved "https://registry.yarnpkg.com/@phosphor/collections/-/collections-1.2.0.tgz#a8cdd0edc0257de7c33306a91caf47910036307f"
  integrity sha512-T9/0EjSuY6+ga2LIFRZ0xupciOR3Qnyy8Q95lhGTC0FXZUFwC8fl9e8On6IcwasCszS+1n8dtZUWSIynfgdpzw==
  dependencies:
    "@phosphor/algorithm" "^1.2.0"

"@phosphor/commands@^1.6.3", "@phosphor/commands@^1.7.1":
  version "1.7.1"
  resolved "https://registry.yarnpkg.com/@phosphor/commands/-/commands-1.7.1.tgz#be022b63f454a9c6d5f677066d85007c2cd632d4"
  integrity sha512-KELPYLrNLVkMA5XntDogQkKXWbhLhpjxLBD75faywoe4GCyVsm//CA7Wn50+eVo0pI87z27Qbtzo0TR6NH4Jvw==
  dependencies:
    "@phosphor/algorithm" "^1.2.0"
    "@phosphor/coreutils" "^1.3.1"
    "@phosphor/disposable" "^1.3.0"
    "@phosphor/domutils" "^1.1.4"
    "@phosphor/keyboard" "^1.1.3"
    "@phosphor/signaling" "^1.3.0"

"@phosphor/coreutils@^1.3.1":
  version "1.3.1"
  resolved "https://registry.yarnpkg.com/@phosphor/coreutils/-/coreutils-1.3.1.tgz#441e34f42340f7faa742a88b2a181947a88d7226"
  integrity sha512-9OHCn8LYRcPU/sbHm5v7viCA16Uev3gbdkwqoQqlV+EiauDHl70jmeL7XVDXdigl66Dz0LI11C99XOxp+s3zOA==

"@phosphor/disposable@^1.2.0", "@phosphor/disposable@^1.3.0":
  version "1.3.0"
  resolved "https://registry.yarnpkg.com/@phosphor/disposable/-/disposable-1.3.0.tgz#3321a420e14acf0761a559f202bf98d4c46b8163"
  integrity sha512-wHQov7HoS20mU6yuEz5ZMPhfxHdcxGovjPoid0QwccUEOm33UBkWlxaJGm9ONycezIX8je7ZuPOf/gf7JI6Dlg==
  dependencies:
    "@phosphor/algorithm" "^1.2.0"
    "@phosphor/signaling" "^1.3.0"

"@phosphor/domutils@^1.1.3", "@phosphor/domutils@^1.1.4":
  version "1.1.4"
  resolved "https://registry.yarnpkg.com/@phosphor/domutils/-/domutils-1.1.4.tgz#4c6aecf7902d3793b45db325319340e0a0b5543b"
  integrity sha512-ivwq5TWjQpKcHKXO8PrMl+/cKqbgxPClPiCKc1gwbMd+6hnW5VLwNG0WBzJTxCzXK43HxX18oH+tOZ3E04wc3w==

"@phosphor/dragdrop@^1.3.3", "@phosphor/dragdrop@^1.4.0":
  version "1.4.0"
  resolved "https://registry.yarnpkg.com/@phosphor/dragdrop/-/dragdrop-1.4.0.tgz#f626465714965d7bd4ea9b269ed0289c05f427a7"
  integrity sha512-JqmDAKczviUe7NEkiDf/A6H2glgVmHAREip8dGBli4lvV+CQqPFyl4Xm7XCnR9qiEqNrP+0SfwPpywNa0me3nQ==
  dependencies:
    "@phosphor/coreutils" "^1.3.1"
    "@phosphor/disposable" "^1.3.0"

"@phosphor/keyboard@^1.1.3":
  version "1.1.3"
  resolved "https://registry.yarnpkg.com/@phosphor/keyboard/-/keyboard-1.1.3.tgz#e5fd13af0479034ef0b5fffcf43ef2d4a266b5b6"
  integrity sha512-dzxC/PyHiD6mXaESRy6PZTd9JeK+diwG1pyngkyUf127IXOEzubTIbu52VSdpGBklszu33ws05BAGDa4oBE4mQ==

"@phosphor/messaging@^1.1.0":
  version "1.2.2"
  resolved "https://registry.yarnpkg.com/@phosphor/messaging/-/messaging-1.2.2.tgz#7d896ddd3797b94a347708ded13da5783db75c14"
  integrity sha1-fYlt3TeXuUo0dwje0T2leD23XBQ=
  dependencies:
    "@phosphor/algorithm" "^1.1.2"
    "@phosphor/collections" "^1.1.2"

"@phosphor/messaging@^1.2.3", "@phosphor/messaging@^1.3.0":
  version "1.3.0"
  resolved "https://registry.yarnpkg.com/@phosphor/messaging/-/messaging-1.3.0.tgz#a140e6dd28a496260779acf74860f738c654c65e"
  integrity sha512-k0JE+BTMKlkM335S2AmmJxoYYNRwOdW5jKBqLgjJdGRvUQkM0+2i60ahM45+J23atGJDv9esKUUBINiKHFhLew==
  dependencies:
    "@phosphor/algorithm" "^1.2.0"
    "@phosphor/collections" "^1.2.0"

"@phosphor/properties@^1.1.3":
  version "1.1.3"
  resolved "https://registry.yarnpkg.com/@phosphor/properties/-/properties-1.1.3.tgz#63e4355be5e22a411c566fd1860207038f171598"
  integrity sha512-GiglqzU77s6+tFVt6zPq9uuyu/PLQPFcqZt914ZhJ4cN/7yNI/SLyMzpYZ56IRMXvzK9TUgbRna6URE3XAwFUg==

"@phosphor/signaling@^1.2.3", "@phosphor/signaling@^1.3.0":
  version "1.3.0"
  resolved "https://registry.yarnpkg.com/@phosphor/signaling/-/signaling-1.3.0.tgz#9de9904e07aaf6eb82074de29017c7c2bf1fd3df"
  integrity sha512-ZbG2Mof4LGSkaEuDicqA2o2TKu3i5zanjr2GkevI/82aKBD7cI1NGLGT55HZwtE87/gOF4FIM3d3DeyrFDMjMQ==
  dependencies:
    "@phosphor/algorithm" "^1.2.0"

"@phosphor/virtualdom@^1.1.3", "@phosphor/virtualdom@^1.2.0":
  version "1.2.0"
  resolved "https://registry.yarnpkg.com/@phosphor/virtualdom/-/virtualdom-1.2.0.tgz#6a233312f817eb02555a0359c4ae3e501fa62bca"
  integrity sha512-L9mKNhK2XtVjzjuHLG2uYuepSz8uPyu6vhF4EgCP0rt0TiLYaZeHwuNu3XeFbul9DMOn49eBpye/tfQVd4Ks+w==
  dependencies:
    "@phosphor/algorithm" "^1.2.0"

"@phosphor/widgets@^1.8.0", "@phosphor/widgets@^1.9.2":
  version "1.9.2"
  resolved "https://registry.yarnpkg.com/@phosphor/widgets/-/widgets-1.9.2.tgz#c7112e974ee0e3503e8e3087fd2da7d523cb5e07"
  integrity sha512-93BOdp3lGsEdkpa+bv+XhIKqRyNKStu71IeDtvqiRyRyMjDnMjwfQCjNDdYbsWYyWWKk4TH7buC0cIlmbIPAHQ==
  dependencies:
    "@phosphor/algorithm" "^1.2.0"
    "@phosphor/commands" "^1.7.1"
    "@phosphor/coreutils" "^1.3.1"
    "@phosphor/disposable" "^1.3.0"
    "@phosphor/domutils" "^1.1.4"
    "@phosphor/dragdrop" "^1.4.0"
    "@phosphor/keyboard" "^1.1.3"
    "@phosphor/messaging" "^1.3.0"
    "@phosphor/properties" "^1.1.3"
    "@phosphor/signaling" "^1.3.0"
    "@phosphor/virtualdom" "^1.2.0"

"@types/dom4@^2.0.1":
  version "2.0.1"
  resolved "https://registry.yarnpkg.com/@types/dom4/-/dom4-2.0.1.tgz#506d5781b9bcab81bd9a878b198aec7dee2a6033"
  integrity sha512-kSkVAvWmMZiCYtvqjqQEwOmvKwcH+V4uiv3qPQ8pAh1Xl39xggGEo8gHUqV4waYGHezdFw0rKBR8Jt0CrQSDZA==

"@types/prop-types@*":
  version "15.5.6"
  resolved "https://registry.yarnpkg.com/@types/prop-types/-/prop-types-15.5.6.tgz#9c03d3fed70a8d517c191b7734da2879b50ca26c"
  integrity sha512-ZBFR7TROLVzCkswA3Fmqq+IIJt62/T7aY/Dmz+QkU7CaW2QFqAitCE8Ups7IzmGhcN1YWMBT4Qcoc07jU9hOJQ==

"@types/react@~16.8.18":
  version "16.8.25"
  resolved "https://registry.yarnpkg.com/@types/react/-/react-16.8.25.tgz#0247613ab58b1b11ba10fed662e1947c5f2bb89c"
  integrity sha512-ydAAkLnNTC4oYSxJ3zwK/4QcVmEecACJ4ZdxXITbxz/dhahBSDKY6OQ1uawAW6rE/7kfHccxulYLSAIZVrSq0A==
  dependencies:
    "@types/prop-types" "*"
    csstype "^2.2.0"

ajv@^6.5.5:
  version "6.10.2"
  resolved "https://registry.yarnpkg.com/ajv/-/ajv-6.10.2.tgz#d3cea04d6b017b2894ad69040fec8b623eb4bd52"
  integrity sha512-TXtUUEYHuaTEbLZWIKUr5pmBuhDLy+8KYtPYdcV8qC+pOZL+NKqYwvWSRrVXHn+ZmRRAu8vJTAznH7Oag6RVRw==
  dependencies:
    fast-deep-equal "^2.0.1"
    fast-json-stable-stringify "^2.0.0"
    json-schema-traverse "^0.4.1"
    uri-js "^4.2.2"

ansi-styles@^3.2.1:
  version "3.2.1"
  resolved "https://registry.yarnpkg.com/ansi-styles/-/ansi-styles-3.2.1.tgz#41fbb20243e50b12be0f04b8dedbf07520ce841d"
  integrity sha512-VT0ZI6kZRdTh8YyJw3SMbYm/u+NqfsAxEpWO0Pf9sq8/e94WxxOpPKx9FR1FlyCtOVDNOQ+8ntlqFxiRc+r5qA==
  dependencies:
    color-convert "^1.9.0"

array-uniq@^1.0.2:
  version "1.0.3"
  resolved "https://registry.yarnpkg.com/array-uniq/-/array-uniq-1.0.3.tgz#af6ac877a25cc7f74e058894753858dfdb24fdb6"
  integrity sha1-r2rId6Jcx/dOBYiUdThY39sk/bY=

async-limiter@^1.0.0:
  version "1.0.1"
  resolved "https://registry.yarnpkg.com/async-limiter/-/async-limiter-1.0.1.tgz#dd379e94f0db8310b08291f9d64c3209766617fd"
  integrity sha512-csOlWGAcRFJaI6m+F2WKdnMKr4HhdhFVBk0H/QbJFMCr+uO2kwohwXQPxw/9OCxp05r5ghVBFSyioixx3gfkNQ==

balanced-match@^1.0.0:
  version "1.0.0"
  resolved "https://registry.yarnpkg.com/balanced-match/-/balanced-match-1.0.0.tgz#89b4d199ab2bee49de164ea02b89ce462d71b767"
  integrity sha1-ibTRmasr7kneFk6gK4nORi1xt2c=

brace-expansion@^1.1.7:
  version "1.1.11"
  resolved "https://registry.yarnpkg.com/brace-expansion/-/brace-expansion-1.1.11.tgz#3c7fcbf529d87226f3d2f52b966ff5271eb441dd"
  integrity sha512-iCuPHDFgrHX7H2vEI/5xpz07zSHB00TpugqhmYtVmMO6518mCuRMoOYFldEBl0g187ufozdaHgWKcYFb61qGiA==
  dependencies:
    balanced-match "^1.0.0"
    concat-map "0.0.1"

chalk@^2.4.1:
  version "2.4.1"
  resolved "https://registry.yarnpkg.com/chalk/-/chalk-2.4.1.tgz#18c49ab16a037b6eb0152cc83e3471338215b66e"
  integrity sha512-ObN6h1v2fTJSmUXoS3nMQ92LbDK9be4TV+6G+omQlGJFdcUX5heKi1LZ1YnRMIgwTLEj3E24bT6tYni50rlCfQ==
  dependencies:
    ansi-styles "^3.2.1"
    escape-string-regexp "^1.0.5"
    supports-color "^5.3.0"

chalk@^2.4.2:
  version "2.4.2"
  resolved "https://registry.yarnpkg.com/chalk/-/chalk-2.4.2.tgz#cd42541677a54333cf541a49108c1432b44c9424"
  integrity sha512-Mti+f9lpJNcwF4tWV8/OrTTtF1gZi+f8FqlyAdouralcFWFQWF2+NgCHShjkCb+IFBLq9buZwE1xckQU4peSuQ==
  dependencies:
    ansi-styles "^3.2.1"
    escape-string-regexp "^1.0.5"
    supports-color "^5.3.0"

classnames@^2.2:
  version "2.2.6"
  resolved "https://registry.yarnpkg.com/classnames/-/classnames-2.2.6.tgz#43935bffdd291f326dad0a205309b38d00f650ce"
  integrity sha512-JR/iSQOSt+LQIWwrwEzJ9uk0xfN3mTVYMwt1Ir5mUcSN6pU+V4zQFFaJsclJbPuAUQH+yfWef6tm7l1quW3C8Q==

codemirror@~5.47.0:
  version "5.47.0"
  resolved "https://registry.yarnpkg.com/codemirror/-/codemirror-5.47.0.tgz#c13a521ae5660d3acc655af252f4955065293789"
  integrity sha512-kV49Fr+NGFHFc/Imsx6g180hSlkGhuHxTSDDmDHOuyln0MQYFLixDY4+bFkBVeCEiepYfDimAF/e++9jPJk4QA==

color-convert@^1.9.0:
  version "1.9.3"
  resolved "https://registry.yarnpkg.com/color-convert/-/color-convert-1.9.3.tgz#bb71850690e1f136567de629d2d5471deda4c1e8"
  integrity sha512-QfAUtd+vFdAtFQcC8CCyYt1fYWxSqAiK2cSD6zDB8N3cpsEBAvRxp9zOGg6G/SHHJYAT88/az/IuDGALsNVbGg==
  dependencies:
    color-name "1.1.3"

color-name@1.1.3:
  version "1.1.3"
  resolved "https://registry.yarnpkg.com/color-name/-/color-name-1.1.3.tgz#a7d0558bd89c42f795dd42328f740831ca53bc25"
  integrity sha1-p9BVi9icQveV3UIyj3QIMcpTvCU=

concat-map@0.0.1:
  version "0.0.1"
  resolved "https://registry.yarnpkg.com/concat-map/-/concat-map-0.0.1.tgz#d8a96bd77fd68df7793a73036a3ba0d5405d477b"
  integrity sha1-2Klr13/Wjfd5OnMDajug1UBdR3s=

create-react-context@^0.3.0:
  version "0.3.0"
  resolved "https://registry.yarnpkg.com/create-react-context/-/create-react-context-0.3.0.tgz#546dede9dc422def0d3fc2fe03afe0bc0f4f7d8c"
  integrity sha512-dNldIoSuNSvlTJ7slIKC/ZFGKexBMBrrcc+TTe1NdmROnaASuLPvqpwj9v4XS4uXZ8+YPu0sNmShX2rXI5LNsw==
  dependencies:
    gud "^1.0.0"
    warning "^4.0.3"

csstype@^2.2.0:
  version "2.5.7"
  resolved "https://registry.yarnpkg.com/csstype/-/csstype-2.5.7.tgz#bf9235d5872141eccfb2d16d82993c6b149179ff"
  integrity sha512-Nt5VDyOTIIV4/nRFswoCKps1R5CD1hkiyjBE9/thNaNZILLEviVw9yWQw15+O+CpNjQKB/uvdcxFFOrSflY3Yw==

csstype@^2.4.0:
  version "2.6.7"
  resolved "https://registry.yarnpkg.com/csstype/-/csstype-2.6.7.tgz#20b0024c20b6718f4eda3853a1f5a1cce7f5e4a5"
  integrity sha512-9Mcn9sFbGBAdmimWb2gLVDtFJzeKtDGIr76TUqmjZrw9LFXBMSU70lcs+C0/7fyCd6iBDqmksUcCOUIkisPHsQ==

dom-helpers@^3.4.0:
  version "3.4.0"
  resolved "https://registry.yarnpkg.com/dom-helpers/-/dom-helpers-3.4.0.tgz#e9b369700f959f62ecde5a6babde4bccd9169af8"
  integrity sha512-LnuPJ+dwqKDIyotW1VzmOZ5TONUN7CwkCR5hrgawTUbkBGYdeoNLZo6nNfGkCrjtE1nXXaj7iMMpDa8/d9WoIA==
  dependencies:
    "@babel/runtime" "^7.1.2"

dom-serializer@0:
  version "0.1.0"
  resolved "https://registry.yarnpkg.com/dom-serializer/-/dom-serializer-0.1.0.tgz#073c697546ce0780ce23be4a28e293e40bc30c82"
  integrity sha1-BzxpdUbOB4DOI75KKOKT5AvDDII=
  dependencies:
    domelementtype "~1.1.1"
    entities "~1.1.1"

dom4@^2.1.5:
  version "2.1.5"
  resolved "https://registry.yarnpkg.com/dom4/-/dom4-2.1.5.tgz#f98a94eb67b340f0fa5b42b0ee9c38cda035428e"
  integrity sha512-gJbnVGq5zaBUY0lUh0LUEVGYrtN75Ks8ZwpwOYvnVFrKy/qzXK4R/1WuLIFExWj/tBxbRAkTzZUGJHXmqsBNjQ==

domelementtype@1:
  version "1.3.0"
  resolved "https://registry.yarnpkg.com/domelementtype/-/domelementtype-1.3.0.tgz#b17aed82e8ab59e52dd9c19b1756e0fc187204c2"
  integrity sha1-sXrtguirWeUt2cGbF1bg/BhyBMI=

domelementtype@^1.3.1:
  version "1.3.1"
  resolved "https://registry.yarnpkg.com/domelementtype/-/domelementtype-1.3.1.tgz#d048c44b37b0d10a7f2a3d5fee3f4333d790481f"
  integrity sha512-BSKB+TSpMpFI/HOxCNr1O8aMOTZ8hT3pM3GQ0w/mWRmkhEDSFJkkyzz4XQsBV44BChwGkrDfMyjVD0eA2aFV3w==

domelementtype@~1.1.1:
  version "1.1.3"
  resolved "https://registry.yarnpkg.com/domelementtype/-/domelementtype-1.1.3.tgz#bd28773e2642881aec51544924299c5cd822185b"
  integrity sha1-vSh3PiZCiBrsUVRJJCmcXNgiGFs=

domhandler@^2.3.0:
  version "2.4.2"
  resolved "https://registry.yarnpkg.com/domhandler/-/domhandler-2.4.2.tgz#8805097e933d65e85546f726d60f5eb88b44f803"
  integrity sha512-JiK04h0Ht5u/80fdLMCEmV4zkNh2BcoMFBmZ/91WtYZ8qVXSKjiw7fXMgFPnHcSZgOo3XdinHvmnDUeMf5R4wA==
  dependencies:
    domelementtype "1"

domutils@^1.5.1:
  version "1.7.0"
  resolved "https://registry.yarnpkg.com/domutils/-/domutils-1.7.0.tgz#56ea341e834e06e6748af7a1cb25da67ea9f8c2a"
  integrity sha512-Lgd2XcJ/NjEw+7tFvfKxOzCYKZsdct5lczQ2ZaQY8Djz7pfAD3Gbp8ySJWtreII/vDlMVmxwa6pHmdxIYgttDg==
  dependencies:
    dom-serializer "0"
    domelementtype "1"

entities@^1.1.1, entities@~1.1.1:
  version "1.1.1"
  resolved "https://registry.yarnpkg.com/entities/-/entities-1.1.1.tgz#6e5c2d0a5621b5dadaecef80b90edfb5cd7772f0"
  integrity sha1-blwtClYhtdra7O+AuQ7ftc13cvA=

escape-string-regexp@^1.0.5:
  version "1.0.5"
  resolved "https://registry.yarnpkg.com/escape-string-regexp/-/escape-string-regexp-1.0.5.tgz#1b61c0562190a8dff6ae3bb2cf0200ca130b86d4"
  integrity sha1-G2HAViGQqN/2rjuyzwIAyhMLhtQ=

fast-deep-equal@^2.0.1:
  version "2.0.1"
  resolved "https://registry.yarnpkg.com/fast-deep-equal/-/fast-deep-equal-2.0.1.tgz#7b05218ddf9667bf7f370bf7fdb2cb15fdd0aa49"
  integrity sha1-ewUhjd+WZ79/Nwv3/bLLFf3Qqkk=

fast-json-stable-stringify@^2.0.0:
  version "2.0.0"
  resolved "https://registry.yarnpkg.com/fast-json-stable-stringify/-/fast-json-stable-stringify-2.0.0.tgz#d5142c0caee6b1189f87d3a76111064f86c8bbf2"
  integrity sha1-1RQsDK7msRifh9OnYREGT4bIu/I=

font-awesome@~4.7.0:
  version "4.7.0"
  resolved "https://registry.yarnpkg.com/font-awesome/-/font-awesome-4.7.0.tgz#8fa8cf0411a1a31afd07b06d2902bb9fc815a133"
  integrity sha1-j6jPBBGhoxr9B7BtKQK7n8gVoTM=

free-style@2.6.1:
  version "2.6.1"
  resolved "https://registry.yarnpkg.com/free-style/-/free-style-2.6.1.tgz#6af512568291195854842cbbaacd95578a6a9a8b"
  integrity sha512-uaVA8e57tvhrFKAl6x32SGIrGFBoeTAFtfHDzWxjPhiXQiUxOI6EEdEReRkjNO2H9XcdMJXXEnMHw8Q7iMYLbw==

fs-extra@^8.1.0:
  version "8.1.0"
  resolved "https://registry.yarnpkg.com/fs-extra/-/fs-extra-8.1.0.tgz#49d43c45a88cd9677668cb7be1b46efdb8d2e1c0"
  integrity sha512-yhlQgA6mnOJUKOsRUFsgJdQCvkKhcz8tlZG5HBQfReYZy46OwLcY+Zia0mtdHsOo9y/hP+CxMN0TU9QxoOtG4g==
  dependencies:
    graceful-fs "^4.2.0"
    jsonfile "^4.0.0"
    universalify "^0.1.0"

fs.realpath@^1.0.0:
  version "1.0.0"
  resolved "https://registry.yarnpkg.com/fs.realpath/-/fs.realpath-1.0.0.tgz#1504ad2523158caa40db4a2787cb01411994ea4f"
  integrity sha1-FQStJSMVjKpA20onh8sBQRmU6k8=

glob@^7.0.5:
  version "7.1.2"
  resolved "https://registry.yarnpkg.com/glob/-/glob-7.1.2.tgz#c19c9df9a028702d678612384a6552404c636d15"
  integrity sha512-MJTUg1kjuLeQCJ+ccE4Vpa6kKVXkPYJ2mOCQyUuKLcLQsdrMCpBPUi8qVE6+YuaJkozeA9NusTAw3hLr8Xe5EQ==
  dependencies:
    fs.realpath "^1.0.0"
    inflight "^1.0.4"
    inherits "2"
    minimatch "^3.0.4"
    once "^1.3.0"
    path-is-absolute "^1.0.0"

graceful-fs@^4.1.6:
  version "4.1.11"
  resolved "https://registry.yarnpkg.com/graceful-fs/-/graceful-fs-4.1.11.tgz#0e8bdfe4d1ddb8854d64e04ea7c00e2a026e5658"
  integrity sha1-Dovf5NHduIVNZOBOp8AOKgJuVlg=

graceful-fs@^4.2.0:
  version "4.2.2"
  resolved "https://registry.yarnpkg.com/graceful-fs/-/graceful-fs-4.2.2.tgz#6f0952605d0140c1cfdb138ed005775b92d67b02"
  integrity sha512-IItsdsea19BoLC7ELy13q1iJFNmd7ofZH5+X/pJr90/nRoPEX0DJo1dHDbgtYWOhJhcCgMDTOw84RZ72q6lB+Q==

gud@^1.0.0:
  version "1.0.0"
  resolved "https://registry.yarnpkg.com/gud/-/gud-1.0.0.tgz#a489581b17e6a70beca9abe3ae57de7a499852c0"
  integrity sha512-zGEOVKFM5sVPPrYs7J5/hYEw2Pof8KCyOwyhG8sAF26mCAeUFAcYPu1mwB7hhpIP29zOIBaDqwuHdLp0jvZXjw==

has-flag@^3.0.0:
  version "3.0.0"
  resolved "https://registry.yarnpkg.com/has-flag/-/has-flag-3.0.0.tgz#b5d454dc2199ae225699f3467e5a07f3b955bafd"
  integrity sha1-tdRU3CGZriJWmfNGfloH87lVuv0=

htmlparser2@^3.10.0:
  version "3.10.1"
  resolved "https://registry.yarnpkg.com/htmlparser2/-/htmlparser2-3.10.1.tgz#bd679dc3f59897b6a34bb10749c855bb53a9392f"
  integrity sha512-IgieNijUMbkDovyoKObU1DUhm1iwNYE/fuifEoEHfd1oZKZDaONBSkal7Y01shxsM49R4XaMdGez3WnF9UfiCQ==
  dependencies:
    domelementtype "^1.3.1"
    domhandler "^2.3.0"
    domutils "^1.5.1"
    entities "^1.1.1"
    inherits "^2.0.1"
    readable-stream "^3.1.1"

inflight@^1.0.4:
  version "1.0.6"
  resolved "https://registry.yarnpkg.com/inflight/-/inflight-1.0.6.tgz#49bd6331d7d02d0c09bc910a1075ba8165b56df9"
  integrity sha1-Sb1jMdfQLQwJvJEKEHW6gWW1bfk=
  dependencies:
    once "^1.3.0"
    wrappy "1"

inherits@2, inherits@^2.0.1:
  version "2.0.3"
  resolved "https://registry.yarnpkg.com/inherits/-/inherits-2.0.3.tgz#633c2c83e3da42a502f52466022480f4208261de"
  integrity sha1-Yzwsg+PaQqUC9SRmAiSA9CCCYd4=

inherits@^2.0.3:
  version "2.0.4"
  resolved "https://registry.yarnpkg.com/inherits/-/inherits-2.0.4.tgz#0fa2c64f932917c3433a0ded55363aae37416b7c"
  integrity sha512-k/vGaX4/Yla3WzyMCvTQOXYeIHvqOKtnqBduzTHpzpQZzAskKMhZ2K+EnBiSM9zGSoIFeMpXKxa4dYeZIQqewQ==

"js-tokens@^3.0.0 || ^4.0.0":
  version "4.0.0"
  resolved "https://registry.yarnpkg.com/js-tokens/-/js-tokens-4.0.0.tgz#19203fb59991df98e3a287050d4647cdeaf32499"
  integrity sha512-RdJUflcE3cUzKiMqQgsCu06FPu9UdIJO0beYbPhHN4k6apgJtifcoCtT9bcxOpYBtpD2kCM6Sbzg4CausW/PKQ==

json-schema-traverse@^0.4.1:
  version "0.4.1"
  resolved "https://registry.yarnpkg.com/json-schema-traverse/-/json-schema-traverse-0.4.1.tgz#69f6a87d9513ab8bb8fe63bdb0979c448e684660"
  integrity sha512-xbbCH5dCYU5T8LcEhhuh7HJ88HXuW3qsI3Y0zOZFKfZEHcpWiHU/Jxzk629Brsab/mMiHQti9wMP+845RPe3Vg==

json5@^2.1.0:
  version "2.1.1"
  resolved "https://registry.yarnpkg.com/json5/-/json5-2.1.1.tgz#81b6cb04e9ba496f1c7005d07b4368a2638f90b6"
  integrity sha512-l+3HXD0GEI3huGq1njuqtzYK8OYJyXMkOLtQ53pjWh89tvWS2h6l+1zMkYWqlb57+SiQodKZyvMEFb2X+KrFhQ==
  dependencies:
    minimist "^1.2.0"

jsonfile@^4.0.0:
  version "4.0.0"
  resolved "https://registry.yarnpkg.com/jsonfile/-/jsonfile-4.0.0.tgz#8771aae0799b64076b76640fca058f9c10e33ecb"
  integrity sha1-h3Gq4HmbZAdrdmQPygWPnBDjPss=
  optionalDependencies:
    graceful-fs "^4.1.6"

lodash.clonedeep@^4.5.0:
  version "4.5.0"
  resolved "https://registry.yarnpkg.com/lodash.clonedeep/-/lodash.clonedeep-4.5.0.tgz#e23f3f9c4f8fbdde872529c1071857a086e5ccef"
  integrity sha1-4j8/nE+Pvd6HJSnBBxhXoIblzO8=

lodash.escape@^4.0.1:
  version "4.0.1"
  resolved "https://registry.yarnpkg.com/lodash.escape/-/lodash.escape-4.0.1.tgz#c9044690c21e04294beaa517712fded1fa88de98"
  integrity sha1-yQRGkMIeBClL6qUXcS/e0fqI3pg=

lodash.escaperegexp@^4.1.2:
  version "4.1.2"
  resolved "https://registry.yarnpkg.com/lodash.escaperegexp/-/lodash.escaperegexp-4.1.2.tgz#64762c48618082518ac3df4ccf5d5886dae20347"
  integrity sha1-ZHYsSGGAglGKw99Mz11YhtriA0c=

lodash.isplainobject@^4.0.6:
  version "4.0.6"
  resolved "https://registry.yarnpkg.com/lodash.isplainobject/-/lodash.isplainobject-4.0.6.tgz#7c526a52d89b45c45cc690b88163be0497f550cb"
  integrity sha1-fFJqUtibRcRcxpC4gWO+BJf1UMs=

lodash.isstring@^4.0.1:
  version "4.0.1"
  resolved "https://registry.yarnpkg.com/lodash.isstring/-/lodash.isstring-4.0.1.tgz#d527dfb5456eca7cc9bb95d5daeaf88ba54a5451"
  integrity sha1-1SfftUVuynzJu5XV2ur4i6VKVFE=

lodash.mergewith@^4.6.1:
  version "4.6.2"
  resolved "https://registry.yarnpkg.com/lodash.mergewith/-/lodash.mergewith-4.6.2.tgz#617121f89ac55f59047c7aec1ccd6654c6590f55"
  integrity sha512-GK3g5RPZWTRSeLSpgP8Xhra+pnjBC56q9FZYe1d5RN3TJ35dbkGy3YqBSMbyCrlbi+CM9Z3Jk5yTL7RCsqboyQ==

loose-envify@^1.0.0, loose-envify@^1.1.0, loose-envify@^1.4.0:
  version "1.4.0"
  resolved "https://registry.yarnpkg.com/loose-envify/-/loose-envify-1.4.0.tgz#71ee51fa7be4caec1a63839f7e682d8132d30caf"
  integrity sha512-lyuxPGr/Wfhrlem2CL/UcnUc1zcqKAImBDzukY7Y5F/yQiNdko6+fRLevlw1HgMySw7f611UIY408EtxRSoK3Q==
  dependencies:
    js-tokens "^3.0.0 || ^4.0.0"

marked@0.6.2:
  version "0.6.2"
  resolved "https://registry.yarnpkg.com/marked/-/marked-0.6.2.tgz#c574be8b545a8b48641456ca1dbe0e37b6dccc1a"
  integrity sha512-LqxwVH3P/rqKX4EKGz7+c2G9r98WeM/SW34ybhgNGhUQNKtf1GmmSkJ6cDGJ/t6tiyae49qRkpyTw2B9HOrgUA==

minimatch@^3.0.4:
  version "3.0.4"
  resolved "https://registry.yarnpkg.com/minimatch/-/minimatch-3.0.4.tgz#5166e286457f03306064be5497e8dbb0c3d32083"
  integrity sha512-yJHVQEhyqPLUTgt9B83PXu6W3rx4MvvHvSUvToogpwoGDOUQ+yDrR0HRot+yOCdCO7u4hX3pWft6kWBBcqh0UA==
  dependencies:
    brace-expansion "^1.1.7"

minimist@^1.2.0, minimist@~1.2.0:
  version "1.2.0"
  resolved "https://registry.yarnpkg.com/minimist/-/minimist-1.2.0.tgz#a35008b20f41383eec1fb914f4cd5df79a264284"
  integrity sha1-o1AIsg9BOD7sH7kU9M1d95omQoQ=

moment@^2.24.0:
  version "2.24.0"
  resolved "https://registry.yarnpkg.com/moment/-/moment-2.24.0.tgz#0d055d53f5052aa653c9f6eb68bb5d12bf5c2b5b"
  integrity sha512-bV7f+6l2QigeBBZSM/6yTNq4P2fNpSWj/0e7jQcy87A8e7o2nAfP/34/2ky5Vw4B9S446EtIhodAzkFCcR4dQg==

node-fetch@^2.6.0:
  version "2.6.0"
  resolved "https://registry.yarnpkg.com/node-fetch/-/node-fetch-2.6.0.tgz#e633456386d4aa55863f676a7ab0daa8fdecb0fd"
  integrity sha512-8dG4H5ujfvFiqDmVu9fQ5bOHUC15JMjMY/Zumv26oOvvVJjM67KF8koCWIabKQ1GJIa9r2mMZscBq/TbdOcmNA==

normalize.css@^8.0.1:
  version "8.0.1"
  resolved "https://registry.yarnpkg.com/normalize.css/-/normalize.css-8.0.1.tgz#9b98a208738b9cc2634caacbc42d131c97487bf3"
  integrity sha512-qizSNPO93t1YUuUhP22btGOo3chcvDFqFaj2TRybP0DMxkHOCTYwp3n34fel4a31ORXy4m1Xq0Gyqpb5m33qIg==

number-is-nan@^1.0.0:
  version "1.0.1"
  resolved "https://registry.yarnpkg.com/number-is-nan/-/number-is-nan-1.0.1.tgz#097b602b53422a522c1afb8790318336941a011d"
  integrity sha1-CXtgK1NCKlIsGvuHkDGDNpQaAR0=

object-assign@^4.1.1:
  version "4.1.1"
  resolved "https://registry.yarnpkg.com/object-assign/-/object-assign-4.1.1.tgz#2109adc7965887cfc05cbbd442cac8bfbb360863"
  integrity sha1-IQmtx5ZYh8/AXLvUQsrIv7s2CGM=

once@^1.3.0:
  version "1.4.0"
  resolved "https://registry.yarnpkg.com/once/-/once-1.4.0.tgz#583b1aa775961d4b113ac17d9c50baef9dd76bd1"
  integrity sha1-WDsap3WWHUsROsF9nFC6753Xa9E=
  dependencies:
    wrappy "1"

path-is-absolute@^1.0.0:
  version "1.0.1"
  resolved "https://registry.yarnpkg.com/path-is-absolute/-/path-is-absolute-1.0.1.tgz#174b9268735534ffbc7ace6bf53a5a9e1b5c5f5f"
  integrity sha1-F0uSaHNVNP+8es5r9TpanhtcX18=

path-posix@~1.0.0:
  version "1.0.0"
  resolved "https://registry.yarnpkg.com/path-posix/-/path-posix-1.0.0.tgz#06b26113f56beab042545a23bfa88003ccac260f"
  integrity sha1-BrJhE/Vr6rBCVFojv6iAA8ysJg8=

popper.js@^1.14.4, popper.js@^1.15.0:
  version "1.15.0"
  resolved "https://registry.yarnpkg.com/popper.js/-/popper.js-1.15.0.tgz#5560b99bbad7647e9faa475c6b8056621f5a4ff2"
  integrity sha512-w010cY1oCUmI+9KwwlWki+r5jxKfTFDVoadl7MSrIujHU5MJ5OR6HTDj6Xo8aoR/QsA56x8jKjA59qGH4ELtrA==

postcss@^7.0.5:
  version "7.0.18"
  resolved "https://registry.yarnpkg.com/postcss/-/postcss-7.0.18.tgz#4b9cda95ae6c069c67a4d933029eddd4838ac233"
  integrity sha512-/7g1QXXgegpF+9GJj4iN7ChGF40sYuGYJ8WZu8DZWnmhQ/G36hfdk3q9LBJmoK+lZ+yzZ5KYpOoxq7LF1BxE8g==
  dependencies:
    chalk "^2.4.2"
    source-map "^0.6.1"
    supports-color "^6.1.0"

prop-types@^15.6.1, prop-types@^15.6.2:
  version "15.7.2"
  resolved "https://registry.yarnpkg.com/prop-types/-/prop-types-15.7.2.tgz#52c41e75b8c87e72b9d9360e0206b99dcbffa6c5"
  integrity sha512-8QQikdH7//R2vurIJSutZ1smHYTcLpRWEOlHnzcWHmBYrOGUysKwSsrC89BCiFj3CbrfJ/nXFdJepOVrY1GCHQ==
  dependencies:
    loose-envify "^1.4.0"
    object-assign "^4.1.1"
    react-is "^16.8.1"

punycode@^2.1.0:
  version "2.1.1"
  resolved "https://registry.yarnpkg.com/punycode/-/punycode-2.1.1.tgz#b58b010ac40c22c5657616c8d2c2c02c7bf479ec"
  integrity sha512-XRsRjdf+j5ml+y/6GKHPZbrF/8p2Yga0JPtdqTIY2Xe5ohJPD9saDJJLPvp9+NSBprVvevdXZybnj2cv8OEd0A==

querystringify@^2.0.0:
  version "2.0.0"
  resolved "https://registry.yarnpkg.com/querystringify/-/querystringify-2.0.0.tgz#fa3ed6e68eb15159457c89b37bc6472833195755"
  integrity sha512-eTPo5t/4bgaMNZxyjWx6N2a6AuE0mq51KWvpc7nU/MAqixcI6v6KrGUKES0HaomdnolQBBXU/++X6/QQ9KL4tw==

react-dom@~16.8.4:
  version "16.8.6"
  resolved "https://registry.yarnpkg.com/react-dom/-/react-dom-16.8.6.tgz#71d6303f631e8b0097f56165ef608f051ff6e10f"
  integrity sha512-1nL7PIq9LTL3fthPqwkvr2zY7phIPjYrT0jp4HjyEQrEROnw4dG41VVwi/wfoCneoleqrNX7iAD+pXebJZwrwA==
  dependencies:
    loose-envify "^1.1.0"
    object-assign "^4.1.1"
    prop-types "^15.6.2"
    scheduler "^0.13.6"

react-is@^16.8.1:
  version "16.10.2"
  resolved "https://registry.yarnpkg.com/react-is/-/react-is-16.10.2.tgz#984120fd4d16800e9a738208ab1fba422d23b5ab"
  integrity sha512-INBT1QEgtcCCgvccr5/86CfD71fw9EPmDxgiJX4I2Ddr6ZsV6iFXsuby+qWJPtmNuMY0zByTsG4468P7nHuNWA==

react-lifecycles-compat@^3.0.4:
  version "3.0.4"
  resolved "https://registry.yarnpkg.com/react-lifecycles-compat/-/react-lifecycles-compat-3.0.4.tgz#4f1a273afdfc8f3488a8c516bfda78f872352362"
  integrity sha512-fBASbA6LnOU9dOU2eW7aQ8xmYBSXUIWr+UmF9b1efZBazGNO+rcXT/icdKnYm2pTwcRylVUYwW7H1PHfLekVzA==

react-popper@^1.3.3:
  version "1.3.4"
  resolved "https://registry.yarnpkg.com/react-popper/-/react-popper-1.3.4.tgz#f0cd3b0d30378e1f663b0d79bcc8614221652ced"
  integrity sha512-9AcQB29V+WrBKk6X7p0eojd1f25/oJajVdMZkywIoAV6Ag7hzE1Mhyeup2Q1QnvFRtGQFQvtqfhlEoDAPfKAVA==
  dependencies:
    "@babel/runtime" "^7.1.2"
    create-react-context "^0.3.0"
    popper.js "^1.14.4"
    prop-types "^15.6.1"
    typed-styles "^0.0.7"
    warning "^4.0.2"

react-transition-group@^2.9.0:
  version "2.9.0"
  resolved "https://registry.yarnpkg.com/react-transition-group/-/react-transition-group-2.9.0.tgz#df9cdb025796211151a436c69a8f3b97b5b07c8d"
  integrity sha512-+HzNTCHpeQyl4MJ/bdE0u6XRMe9+XG/+aL4mCxVN4DnPBQ0/5bfHWPDuOZUzYdMj94daZaZdCCc1Dzt9R/xSSg==
  dependencies:
    dom-helpers "^3.4.0"
    loose-envify "^1.4.0"
    prop-types "^15.6.2"
    react-lifecycles-compat "^3.0.4"

react@~16.8.4:
  version "16.8.6"
  resolved "https://registry.yarnpkg.com/react/-/react-16.8.6.tgz#ad6c3a9614fd3a4e9ef51117f54d888da01f2bbe"
  integrity sha512-pC0uMkhLaHm11ZSJULfOBqV4tIZkx87ZLvbbQYunNixAAvjnC+snJCg0XQXn9VIsttVsbZP/H/ewzgsd5fxKXw==
  dependencies:
    loose-envify "^1.1.0"
    object-assign "^4.1.1"
    prop-types "^15.6.2"
    scheduler "^0.13.6"

readable-stream@^3.1.1:
  version "3.4.0"
  resolved "https://registry.yarnpkg.com/readable-stream/-/readable-stream-3.4.0.tgz#a51c26754658e0a3c21dbf59163bd45ba6f447fc"
  integrity sha512-jItXPLmrSR8jmTRmRWJXCnGJsfy85mB3Wd/uINMXA65yrnFo0cPClFIUWzo2najVNSl+mx7/4W8ttlLWJe99pQ==
  dependencies:
    inherits "^2.0.3"
    string_decoder "^1.1.1"
    util-deprecate "^1.0.1"

regenerator-runtime@^0.13.2:
  version "0.13.3"
  resolved "https://registry.yarnpkg.com/regenerator-runtime/-/regenerator-runtime-0.13.3.tgz#7cf6a77d8f5c6f60eb73c5fc1955b2ceb01e6bf5"
  integrity sha512-naKIZz2GQ8JWh///G7L3X6LaQUAMp2lvb1rvwwsURe/VXwD6VMfr+/1NuNw3ag8v2kY1aQ/go5SNn79O9JU7yw==

requires-port@^1.0.0:
  version "1.0.0"
  resolved "https://registry.yarnpkg.com/requires-port/-/requires-port-1.0.0.tgz#925d2601d39ac485e091cf0da5c6e694dc3dcaff"
  integrity sha1-kl0mAdOaxIXgkc8NpcbmlNw9yv8=

resize-observer-polyfill@^1.5.1:
  version "1.5.1"
  resolved "https://registry.yarnpkg.com/resize-observer-polyfill/-/resize-observer-polyfill-1.5.1.tgz#0e9020dd3d21024458d4ebd27e23e40269810464"
  integrity sha512-LwZrotdHOo12nQuZlHEmtuXdqGoOD0OhaxopaNFxWzInpEgaLWoVuAMbTzixuosCx2nEG58ngzW3vxdWoxIgdg==

rimraf@^2.6.1:
  version "2.6.2"
  resolved "https://registry.yarnpkg.com/rimraf/-/rimraf-2.6.2.tgz#2ed8150d24a16ea8651e6d6ef0f47c4158ce7a36"
  integrity sha512-lreewLK/BlghmxtfH36YYVg1i8IAce4TI7oao75I1g245+6BctqTVQiBP3YUJ9C6DQOXJmkYR9X9fCLtCOJc5w==
  dependencies:
    glob "^7.0.5"

safe-buffer@~5.2.0:
  version "5.2.0"
  resolved "https://registry.yarnpkg.com/safe-buffer/-/safe-buffer-5.2.0.tgz#b74daec49b1148f88c64b68d49b1e815c1f2f519"
  integrity sha512-fZEwUGbVl7kouZs1jCdMLdt95hdIv0ZeHg6L7qPeciMZhZ+/gdesW4wgTARkrFWEpspjEATAzUGPG8N2jJiwbg==

sanitize-html@~1.20.1:
  version "1.20.1"
  resolved "https://registry.yarnpkg.com/sanitize-html/-/sanitize-html-1.20.1.tgz#f6effdf55dd398807171215a62bfc21811bacf85"
  integrity sha512-txnH8TQjaQvg2Q0HY06G6CDJLVYCpbnxrdO0WN8gjCKaU5J0KbyGYhZxx5QJg3WLZ1lB7XU9kDkfrCXUozqptA==
  dependencies:
    chalk "^2.4.1"
    htmlparser2 "^3.10.0"
    lodash.clonedeep "^4.5.0"
    lodash.escaperegexp "^4.1.2"
    lodash.isplainobject "^4.0.6"
    lodash.isstring "^4.0.1"
    lodash.mergewith "^4.6.1"
    postcss "^7.0.5"
    srcset "^1.0.0"
    xtend "^4.0.1"

scheduler@^0.13.6:
  version "0.13.6"
  resolved "https://registry.yarnpkg.com/scheduler/-/scheduler-0.13.6.tgz#466a4ec332467b31a91b9bf74e5347072e4cd889"
  integrity sha512-IWnObHt413ucAYKsD9J1QShUKkbKLQQHdxRyw73sw4FN26iWr3DY/H34xGPe4nmL1DwXyWmSWmMrA9TfQbE/XQ==
  dependencies:
    loose-envify "^1.1.0"
    object-assign "^4.1.1"

source-map@^0.6.1:
  version "0.6.1"
  resolved "https://registry.yarnpkg.com/source-map/-/source-map-0.6.1.tgz#74722af32e9614e9c287a8d0bbde48b5e2f1a263"
  integrity sha512-UjgapumWlbMhkBgzT7Ykc5YXUT46F0iKu8SGXq0bcwP5dz/h0Plj6enJqjz1Zbq2l5WaqYnrVbwWOWMyF3F47g==

srcset@^1.0.0:
  version "1.0.0"
  resolved "https://registry.yarnpkg.com/srcset/-/srcset-1.0.0.tgz#a5669de12b42f3b1d5e83ed03c71046fc48f41ef"
  integrity sha1-pWad4StC87HV6D7QPHEEb8SPQe8=
  dependencies:
    array-uniq "^1.0.2"
    number-is-nan "^1.0.0"

string_decoder@^1.1.1:
  version "1.3.0"
  resolved "https://registry.yarnpkg.com/string_decoder/-/string_decoder-1.3.0.tgz#42f114594a46cf1a8e30b0a84f56c78c3edac21e"
  integrity sha512-hkRX8U1WjJFd8LsDJ2yQ/wWWxaopEsABU1XfkM8A+j0+85JAGppt16cr1Whg6KIbb4okU6Mql6BOj+uup/wKeA==
  dependencies:
    safe-buffer "~5.2.0"

supports-color@^5.3.0:
  version "5.5.0"
  resolved "https://registry.yarnpkg.com/supports-color/-/supports-color-5.5.0.tgz#e2e69a44ac8772f78a1ec0b35b689df6530efc8f"
  integrity sha512-QjVjwdXIt408MIiAqCX4oUKsgU2EqAGzs2Ppkm4aQYbjm+ZEWEcW4SfFNTr4uMNZma0ey4f5lgLrkB0aX0QMow==
  dependencies:
    has-flag "^3.0.0"

supports-color@^6.1.0:
  version "6.1.0"
  resolved "https://registry.yarnpkg.com/supports-color/-/supports-color-6.1.0.tgz#0764abc69c63d5ac842dd4867e8d025e880df8f3"
  integrity sha512-qe1jfm1Mg7Nq/NSh6XE24gPXROEVsWHxC1LIx//XNlD9iw7YZQGjZNjYN7xGaEG6iKdA8EtNFW6R0gjnVXp+wQ==
  dependencies:
    has-flag "^3.0.0"

tslib@~1.9.0:
  version "1.9.3"
  resolved "https://registry.yarnpkg.com/tslib/-/tslib-1.9.3.tgz#d7e4dd79245d85428c4d7e4822a79917954ca286"
  integrity sha512-4krF8scpejhaOgqzBEcGM7yDIEfi0/8+8zDRZhNZZ2kjmHJ4hv3zCbQWxoJGz1iw5U0Jl0nma13xzHXcncMavQ==

typed-styles@^0.0.7:
  version "0.0.7"
  resolved "https://registry.yarnpkg.com/typed-styles/-/typed-styles-0.0.7.tgz#93392a008794c4595119ff62dde6809dbc40a3d9"
  integrity sha512-pzP0PWoZUhsECYjABgCGQlRGL1n7tOHsgwYv3oIiEpJwGhFTuty/YNeduxQYzXXa3Ge5BdT6sHYIQYpl4uJ+5Q==

typescript@~3.5.2:
  version "3.5.3"
  resolved "https://registry.yarnpkg.com/typescript/-/typescript-3.5.3.tgz#c830f657f93f1ea846819e929092f5fe5983e977"
  integrity sha512-ACzBtm/PhXBDId6a6sDJfroT2pOWt/oOnk4/dElG5G33ZL776N3Y6/6bKZJBFpd+b05F3Ct9qDjMeJmRWtE2/g==

typestyle@^2.0.1:
  version "2.0.4"
  resolved "https://registry.yarnpkg.com/typestyle/-/typestyle-2.0.4.tgz#b8da5feaf8a4f9d1f69066f3cc4659098bd08457"
  integrity sha512-+57eGqcEjiAc51hB/zXnZFoVuzwuxb9WbPpb1VT2zPJPIo88wGXod7dHa0IJ1Ue+sncHj2WZMZEPJRAqwVraoA==
  dependencies:
    csstype "^2.4.0"
    free-style "2.6.1"

universalify@^0.1.0:
  version "0.1.2"
  resolved "https://registry.yarnpkg.com/universalify/-/universalify-0.1.2.tgz#b646f69be3942dabcecc9d6639c80dc105efaa66"
  integrity sha512-rBJeI5CXAlmy1pV+617WB9J63U6XcazHHF2f2dbJix4XzpUF0RS3Zbj0FGIOCAva5P/d/GBOYaACQ1w+0azUkg==

uri-js@^4.2.2:
  version "4.2.2"
  resolved "https://registry.yarnpkg.com/uri-js/-/uri-js-4.2.2.tgz#94c540e1ff772956e2299507c010aea6c8838eb0"
  integrity sha512-KY9Frmirql91X2Qgjry0Wd4Y+YTdrdZheS8TFwvkbLWf/G5KNJDCh6pKL5OZctEW4+0Baa5idK2ZQuELRwPznQ==
  dependencies:
    punycode "^2.1.0"

url-parse@~1.4.3:
  version "1.4.3"
  resolved "https://registry.yarnpkg.com/url-parse/-/url-parse-1.4.3.tgz#bfaee455c889023219d757e045fa6a684ec36c15"
  integrity sha512-rh+KuAW36YKo0vClhQzLLveoj8FwPJNu65xLb7Mrt+eZht0IPT0IXgSv8gcMegZ6NvjJUALf6Mf25POlMwD1Fw==
  dependencies:
    querystringify "^2.0.0"
    requires-port "^1.0.0"

util-deprecate@^1.0.1:
  version "1.0.2"
  resolved "https://registry.yarnpkg.com/util-deprecate/-/util-deprecate-1.0.2.tgz#450d4dc9fa70de732762fbd2d4a28981419a0ccf"
  integrity sha1-RQ1Nyfpw3nMnYvvS1KKJgUGaDM8=

warning@^4.0.2, warning@^4.0.3:
  version "4.0.3"
  resolved "https://registry.yarnpkg.com/warning/-/warning-4.0.3.tgz#16e9e077eb8a86d6af7d64aa1e05fd85b4678ca3"
  integrity sha512-rpJyN222KWIvHJ/F53XSZv0Zl/accqHR8et1kpaMTD/fLCRxtV8iX8czMzY7sVZupTI3zcUTg8eycS2kNF9l6w==
  dependencies:
    loose-envify "^1.0.0"

wrappy@1:
  version "1.0.2"
  resolved "https://registry.yarnpkg.com/wrappy/-/wrappy-1.0.2.tgz#b5243d8f3ec1aa35f1364605bc0d1036e30ab69f"
  integrity sha1-tSQ9jz7BqjXxNkYFvA0QNuMKtp8=

ws@^7.0.0:
  version "7.1.2"
  resolved "https://registry.yarnpkg.com/ws/-/ws-7.1.2.tgz#c672d1629de8bb27a9699eb599be47aeeedd8f73"
  integrity sha512-gftXq3XI81cJCgkUiAVixA0raD9IVmXqsylCrjRygw4+UOOGzPoxnQ6r/CnVL9i+mDncJo94tSkyrtuuQVBmrg==
  dependencies:
    async-limiter "^1.0.0"

xtend@^4.0.1:
  version "4.0.2"
  resolved "https://registry.yarnpkg.com/xtend/-/xtend-4.0.2.tgz#bb72779f5fa465186b1f438f674fa347fdb5db54"
  integrity sha512-LKYU1iAXJXUgAXn9URjiu+MWhyUXHsvfp7mcuYm9dSUKK0/CjtrUwFAxD82/mCWbtLsGjFIad0wIsod4zrTAEQ==
